
Microsoft Visual Studio Solution File, Format Version 12.00
# Visual Studio 15
VisualStudioVersion = 15.0.27428.2015
MinimumVisualStudioVersion = 10.0.40219.1
Project("{FAE04EC0-301F-11D3-BF4B-00C04F79EFBC}") = "Xonix", "Xonix.csproj", "{BF5B59B3-683F-4AC2-AA50-DA6502A8460F}"
EndProject
Global
	GlobalSection(SolutionConfigurationPlatforms) = preSolution
		Debug|Any CPU = Debug|Any CPU
		Release|Any CPU = Release|Any CPU
	EndGlobalSection
	GlobalSection(ProjectConfigurationPlatforms) = postSolution
		{BF5B59B3-683F-4AC2-AA50-DA6502A8460F}.Debug|Any CPU.ActiveCfg = Debug|Any CPU
		{BF5B59B3-683F-4AC2-AA50-DA6502A8460F}.Debug|Any CPU.Build.0 = Debug|Any CPU
		{BF5B59B3-683F-4AC2-AA50-DA6502A8460F}.Release|Any CPU.ActiveCfg = Release|Any CPU
		{BF5B59B3-683F-4AC2-AA50-DA6502A8460F}.Release|Any CPU.Build.0 = Release|Any CPU
	EndGlobalSection
	GlobalSection(SolutionProperties) = preSolution
		HideSolutionNode = FALSE
	EndGlobalSection
	GlobalSection(ExtensibilityGlobals) = postSolution
		SolutionGuid = {F740030A-D762-46ED-82A3-008EB443F6E2}
	EndGlobalSection
EndGlobal
